
Microsoft Visual Studio Solution File, Format Version 12.00
# Visual Studio Version 17
VisualStudioVersion = 17.9.34723.18
MinimumVisualStudioVersion = 10.0.40219.1
Project("{FAE04EC0-301F-11D3-BF4B-00C04F79EFBC}") = "Multiplos", "Multiplos\Multiplos.csproj", "{205E6909-A7FE-4942-99A1-BC96F1BEA18B}"
EndProject
Global
	GlobalSection(SolutionConfigurationPlatforms) = preSolution
		Debug|Any CPU = Debug|Any CPU
		Release|Any CPU = Release|Any CPU
	EndGlobalSection
	GlobalSection(ProjectConfigurationPlatforms) = postSolution
		{205E6909-A7FE-4942-99A1-BC96F1BEA18B}.Debug|Any CPU.ActiveCfg = Debug|Any CPU
		{205E6909-A7FE-4942-99A1-BC96F1BEA18B}.Debug|Any CPU.Build.0 = Debug|Any CPU
		{205E6909-A7FE-4942-99A1-BC96F1BEA18B}.Release|Any CPU.ActiveCfg = Release|Any CPU
		{205E6909-A7FE-4942-99A1-BC96F1BEA18B}.Release|Any CPU.Build.0 = Release|Any CPU
	EndGlobalSection
	GlobalSection(SolutionProperties) = preSolution
		HideSolutionNode = FALSE
	EndGlobalSection
	GlobalSection(ExtensibilityGlobals) = postSolution
		SolutionGuid = {011C5A9A-E1D0-4FD0-AE8A-4F4A9AEF213A}
	EndGlobalSection
EndGlobal
